{
  "lockfileVersion": 1,
  "configVersion": 0,
  "workspaces": {
    "": {
      "name": "bvisor",
      "devDependencies": {
        "@types/node": "^25.2.0",
        "typescript": "^5.0.0",
      },
      "optionalDependencies": {
        "@bvisor/linux-arm64": "0.0.1",
        "@bvisor/linux-x64": "0.0.1",
      },
    },
    "platforms/linux-arm64": {
      "name": "@bvisor/linux-arm64",
      "version": "0.0.1",
    },
    "platforms/linux-x64": {
      "name": "@bvisor/linux-x64",
      "version": "0.0.1",
    },
  },
  "packages": {
    "@bvisor/linux-arm64": ["@bvisor/linux-arm64@workspace:platforms/linux-arm64"],

    "@bvisor/linux-x64": ["@bvisor/linux-x64@workspace:platforms/linux-x64"],

    "@types/node": ["@types/node@25.2.0", "", { "dependencies": { "undici-types": "~7.16.0" } }, "sha512-DZ8VwRFUNzuqJ5khrvwMXHmvPe+zGayJhr2CDNiKB1WBE1ST8Djl00D0IC4vvNmHMdj6DlbYRIaFE7WHjlDl5w=="],

    "typescript": ["typescript@5.9.3", "", { "bin": { "tsc": "bin/tsc", "tsserver": "bin/tsserver" } }, "sha512-jl1vZzPDinLr9eUt3J/t7V6FgNEw9QjvBPdysz9KfQDD41fQrC2Y4vKQdiaUpFT4bXlb1RHhLpp8wtm6M5TgSw=="],

    "undici-types": ["undici-types@7.16.0", "", {}, "sha512-Zz+aZWSj8LE6zoxD+xrjh4VfkIG8Ya6LvYkZqtUQGJPZjYl53ypCaUwWqo7eI0x66KBGeRo+mlBEkMSeSZ38Nw=="],
  }
}
